
Microsoft Visual Studio Solution File, Format Version 12.00
# Visual Studio Version 16
VisualStudioVersion = 16.0.30309.148
MinimumVisualStudioVersion = 10.0.40219.1
Project("{FAE04EC0-301F-11D3-BF4B-00C04F79EFBC}") = "OneRing_Encounters", "OneRing_Encounters\OneRing_Encounters.csproj", "{AF3EBA37-9DFB-4E46-A364-AFAFDCEFFE7B}"
EndProject
Project("{FAE04EC0-301F-11D3-BF4B-00C04F79EFBC}") = "OneRing_EncountersUI", "OneRing_EncountersUI\OneRing_EncountersUI.csproj", "{1E80440B-EA85-4C30-8E5C-C44B9C444E66}"
EndProject
Project("{FAE04EC0-301F-11D3-BF4B-00C04F79EFBC}") = "CharacterClasses", "CharacterClasses\CharacterClasses.csproj", "{1178DD6B-EC96-4AE9-86D0-54418A137993}"
EndProject
Global
	GlobalSection(SolutionConfigurationPlatforms) = preSolution
		Debug|Any CPU = Debug|Any CPU
		Release|Any CPU = Release|Any CPU
	EndGlobalSection
	GlobalSection(ProjectConfigurationPlatforms) = postSolution
		{AF3EBA37-9DFB-4E46-A364-AFAFDCEFFE7B}.Debug|Any CPU.ActiveCfg = Debug|Any CPU
		{AF3EBA37-9DFB-4E46-A364-AFAFDCEFFE7B}.Debug|Any CPU.Build.0 = Debug|Any CPU
		{AF3EBA37-9DFB-4E46-A364-AFAFDCEFFE7B}.Release|Any CPU.ActiveCfg = Release|Any CPU
		{AF3EBA37-9DFB-4E46-A364-AFAFDCEFFE7B}.Release|Any CPU.Build.0 = Release|Any CPU
		{1E80440B-EA85-4C30-8E5C-C44B9C444E66}.Debug|Any CPU.ActiveCfg = Debug|Any CPU
		{1E80440B-EA85-4C30-8E5C-C44B9C444E66}.Debug|Any CPU.Build.0 = Debug|Any CPU
		{1E80440B-EA85-4C30-8E5C-C44B9C444E66}.Release|Any CPU.ActiveCfg = Release|Any CPU
		{1E80440B-EA85-4C30-8E5C-C44B9C444E66}.Release|Any CPU.Build.0 = Release|Any CPU
		{1178DD6B-EC96-4AE9-86D0-54418A137993}.Debug|Any CPU.ActiveCfg = Debug|Any CPU
		{1178DD6B-EC96-4AE9-86D0-54418A137993}.Debug|Any CPU.Build.0 = Debug|Any CPU
		{1178DD6B-EC96-4AE9-86D0-54418A137993}.Release|Any CPU.ActiveCfg = Release|Any CPU
		{1178DD6B-EC96-4AE9-86D0-54418A137993}.Release|Any CPU.Build.0 = Release|Any CPU
	EndGlobalSection
	GlobalSection(SolutionProperties) = preSolution
		HideSolutionNode = FALSE
	EndGlobalSection
	GlobalSection(ExtensibilityGlobals) = postSolution
		SolutionGuid = {4E4909E2-3ADF-4AC5-9CFD-BF601CC72956}
	EndGlobalSection
EndGlobal
